// !$*UTF8*$!
{
	archiveVersion = 1;
	classes = {
	};
	objectVersion = 50;
	objects = {

/* Begin PBXBuildFile section */
		DD4ECB9E25341C1B00EC7D88 /* AppDelegate.swift in Sources */ = {isa = PBXBuildFile; fileRef = DD4ECB9D25341C1B00EC7D88 /* AppDelegate.swift */; };
		DD4ECBA025341C1B00EC7D88 /* ViewController.swift in Sources */ = {isa = PBXBuildFile; fileRef = DD4ECB9F25341C1B00EC7D88 /* ViewController.swift */; };
		DD4ECBA325341C1B00EC7D88 /* Main.storyboard in Resources */ = {isa = PBXBuildFile; fileRef = DD4ECBA125341C1B00EC7D88 /* Main.storyboard */; };
		DD4ECBA525341C1C00EC7D88 /* Assets.xcassets in Resources */ = {isa = PBXBuildFile; fileRef = DD4ECBA425341C1C00EC7D88 /* Assets.xcassets */; };
		DD4ECBA825341C1C00EC7D88 /* LaunchScreen.storyboard in Resources */ = {isa = PBXBuildFile; fileRef = DD4ECBA625341C1C00EC7D88 /* LaunchScreen.storyboard */; };
/* End PBXBuildFile section */

/* Begin PBXFileReference section */
		DD4ECB9A25341C1B00EC7D88 /* Swift-tvOSProject.app */ = {isa = PBXFileReference; explicitFileType = wrapper.application; includeInIndex = 0; path = "Swift-tvOSProject.app"; sourceTree = BUILT_PRODUCTS_DIR; };
		DD4ECB9D25341C1B00EC7D88 /* AppDelegate.swift */ = {isa = PBXFileReference; lastKnownFileType = sourcecode.swift; path = AppDelegate.swift; sourceTree = "<group>"; };
		DD4ECB9F25341C1B00EC7D88 /* ViewController.swift */ = {isa = PBXFileReference; lastKnownFileType = sourcecode.swift; path = ViewController.swift; sourceTree = "<group>"; };
		DD4ECBA225341C1B00EC7D88 /* Base */ = {isa = PBXFileReference; lastKnownFileType = file.storyboard; name = Base; path = Base.lproj/Main.storyboard; sourceTree = "<group>"; };
		DD4ECBA425341C1C00EC7D88 /* Assets.xcassets */ = {isa = PBXFileReference; lastKnownFileType = folder.assetcatalog; path = Assets.xcassets; sourceTree = "<group>"; };
		DD4ECBA725341C1C00EC7D88 /* Base */ = {isa = PBXFileReference; lastKnownFileType = file.storyboard; name = Base; path = Base.lproj/LaunchScreen.storyboard; sourceTree = "<group>"; };
		DD4ECBA925341C1C00EC7D88 /* Info.plist */ = {isa = PBXFileReference; lastKnownFileType = text.plist.xml; path = Info.plist; sourceTree = "<group>"; };
/* End PBXFileReference section */

/* Begin PBXFrameworksBuildPhase section */
		DD4ECB9725341C1B00EC7D88 /* Frameworks */ = {
			isa = PBXFrameworksBuildPhase;
			buildActionMask = 2147483647;
			files = (
			);
			runOnlyForDeploymentPostprocessing = 0;
		};
/* End PBXFrameworksBuildPhase section */

/* Begin PBXGroup section */
		DD4ECB9125341C1B00EC7D88 = {
			isa = PBXGroup;
			children = (
				DD4ECB9C25341C1B00EC7D88 /* Swift-tvOSProject */,
				DD4ECB9B25341C1B00EC7D88 /* Products */,
			);
			sourceTree = "<group>";
		};
		DD4ECB9B25341C1B00EC7D88 /* Products */ = {
			isa = PBXGroup;
			children = (
				DD4ECB9A25341C1B00EC7D88 /* Swift-tvOSProject.app */,
			);
			name = Products;
			sourceTree = "<group>";
		};
		DD4ECB9C25341C1B00EC7D88 /* Swift-tvOSProject */ = {
			isa = PBXGroup;
			children = (
				DD4ECB9D25341C1B00EC7D88 /* AppDelegate.swift */,
				DD4ECB9F25341C1B00EC7D88 /* ViewController.swift */,
				DD4ECBA125341C1B00EC7D88 /* Main.storyboard */,
				DD4ECBA425341C1C00EC7D88 /* Assets.xcassets */,
				DD4ECBA625341C1C00EC7D88 /* LaunchScreen.storyboard */,
				DD4ECBA925341C1C00EC7D88 /* Info.plist */,
			);
			path = "Swift-tvOSProject";
			sourceTree = "<group>";
		};
/* End PBXGroup section */

/* Begin PBXNativeTarget section */
		DD4ECB9925341C1B00EC7D88 /* Swift-tvOSProject */ = {
			isa = PBXNativeTarget;
			buildConfigurationList = DD4ECBAC25341C1C00EC7D88 /* Build configuration list for PBXNativeTarget "Swift-tvOSProject" */;
			buildPhases = (
				DD4ECB9625341C1B00EC7D88 /* Sources */,
				DD4ECB9725341C1B00EC7D88 /* Frameworks */,
				DD4ECB9825341C1B00EC7D88 /* Resources */,
			);
			buildRules = (
			);
			dependencies = (
			);
			name = "Swift-tvOSProject";
			productName = "Swift-tvOSProject";
			productReference = DD4ECB9A25341C1B00EC7D88 /* Swift-tvOSProject.app */;
			productType = "com.apple.product-type.application";
		};
/* End PBXNativeTarget section */

/* Begin PBXProject section */
		DD4ECB9225341C1B00EC7D88 /* Project object */ = {
			isa = PBXProject;
			attributes = {
				LastSwiftUpdateCheck = 1150;
				LastUpgradeCheck = 1150;
				ORGANIZATIONNAME = "narendra. vadde";
				TargetAttributes = {
					DD4ECB9925341C1B00EC7D88 = {
						CreatedOnToolsVersion = 11.5;
					};
				};
			};
			buildConfigurationList = DD4ECB9525341C1B00EC7D88 /* Build configuration list for PBXProject "Swift-tvOSProject" */;
			compatibilityVersion = "Xcode 9.3";
			developmentRegion = en;
			hasScannedForEncodings = 0;
			knownRegions = (
				en,
				Base,
			);
			mainGroup = DD4ECB9125341C1B00EC7D88;
			productRefGroup = DD4ECB9B25341C1B00EC7D88 /* Products */;
			projectDirPath = "";
			projectRoot = "";
			targets = (
				DD4ECB9925341C1B00EC7D88 /* Swift-tvOSProject */,
			);
		};
/* End PBXProject section */

/* Begin PBXResourcesBuildPhase section */
		DD4ECB9825341C1B00EC7D88 /* Resources */ = {
			isa = PBXResourcesBuildPhase;
			buildActionMask = 2147483647;
			files = (
				DD4ECBA825341C1C00EC7D88 /* LaunchScreen.storyboard in Resources */,
				DD4ECBA525341C1C00EC7D88 /* Assets.xcassets in Resources */,
				DD4ECBA325341C1B00EC7D88 /* Main.storyboard in Resources */,
			);
			runOnlyForDeploymentPostprocessing = 0;
		};
/* End PBXResourcesBuildPhase section */

/* Begin PBXSourcesBuildPhase section */
		DD4ECB9625341C1B00EC7D88 /* Sources */ = {
			isa = PBXSourcesBuildPhase;
			buildActionMask = 2147483647;
			files = (
				DD4ECBA025341C1B00EC7D88 /* ViewController.swift in Sources */,
				DD4ECB9E25341C1B00EC7D88 /* AppDelegate.swift in Sources */,
			);
			runOnlyForDeploymentPostprocessing = 0;
		};
/* End PBXSourcesBuildPhase section */

/* Begin PBXVariantGroup section */
		DD4ECBA125341C1B00EC7D88 /* Main.storyboard */ = {
			isa = PBXVariantGroup;
			children = (
				DD4ECBA225341C1B00EC7D88 /* Base */,
			);
			name = Main.storyboard;
			sourceTree = "<group>";
		};
		DD4ECBA625341C1C00EC7D88 /* LaunchScreen.storyboard */ = {
			isa = PBXVariantGroup;
			children = (
				DD4ECBA725341C1C00EC7D88 /* Base */,
			);
			name = LaunchScreen.storyboard;
			sourceTree = "<group>";
		};
/* End PBXVariantGroup section */

/* Begin XCBuildConfiguration section */
		DD4ECBAA25341C1C00EC7D88 /* Debug */ = {
			isa = XCBuildConfiguration;
			buildSettings = {
				ALWAYS_SEARCH_USER_PATHS = NO;
				CLANG_ANALYZER_NONNULL = YES;
				CLANG_ANALYZER_NUMBER_OBJECT_CONVERSION = YES_AGGRESSIVE;
				CLANG_CXX_LANGUAGE_STANDARD = "gnu++14";
				CLANG_CXX_LIBRARY = "libc++";
				CLANG_ENABLE_MODULES = YES;
				CLANG_ENABLE_OBJC_ARC = YES;
				CLANG_ENABLE_OBJC_WEAK = YES;
				CLANG_WARN_BLOCK_CAPTURE_AUTORELEASING = YES;
				CLANG_WARN_BOOL_CONVERSION = YES;
				CLANG_WARN_COMMA = YES;
				CLANG_WARN_CONSTANT_CONVERSION = YES;
				CLANG_WARN_DEPRECATED_OBJC_IMPLEMENTATIONS = YES;
				CLANG_WARN_DIRECT_OBJC_ISA_USAGE = YES_ERROR;
				CLANG_WARN_DOCUMENTATION_COMMENTS = YES;
				CLANG_WARN_EMPTY_BODY = YES;
				CLANG_WARN_ENUM_CONVERSION = YES;
				CLANG_WARN_INFINITE_RECURSION = YES;
				CLANG_WARN_INT_CONVERSION = YES;
				CLANG_WARN_NON_LITERAL_NULL_CONVERSION = YES;
				CLANG_WARN_OBJC_IMPLICIT_RETAIN_SELF = YES;
				CLANG_WARN_OBJC_LITERAL_CONVERSION = YES;
				CLANG_WARN_OBJC_ROOT_CLASS = YES_ERROR;
				CLANG_WARN_RANGE_LOOP_ANALYSIS = YES;
				CLANG_WARN_STRICT_PROTOTYPES = YES;
				CLANG_WARN_SUSPICIOUS_MOVE = YES;
				CLANG_WARN_UNGUARDED_AVAILABILITY = YES_AGGRESSIVE;
				CLANG_WARN_UNREACHABLE_CODE = YES;
				CLANG_WARN__DUPLICATE_METHOD_MATCH = YES;
				COPY_PHASE_STRIP = NO;
				DEBUG_INFORMATION_FORMAT = dwarf;
				ENABLE_STRICT_OBJC_MSGSEND = YES;
				ENABLE_TESTABILITY = YES;
				GCC_C_LANGUAGE_STANDARD = gnu11;
				GCC_DYNAMIC_NO_PIC = NO;
				GCC_NO_COMMON_BLOCKS = YES;
				GCC_OPTIMIZATION_LEVEL = 0;
				GCC_PREPROCESSOR_DEFINITIONS = (
					"DEBUG=1",
					"$(inherited)",
				);
				GCC_WARN_64_TO_32_BIT_CONVERSION = YES;
				GCC_WARN_ABOUT_RETURN_TYPE = YES_ERROR;
				GCC_WARN_UNDECLARED_SELECTOR = YES;
				GCC_WARN_UNINITIALIZED_AUTOS = YES_AGGRESSIVE;
				GCC_WARN_UNUSED_FUNCTION = YES;
				GCC_WARN_UNUSED_VARIABLE = YES;
				MTL_ENABLE_DEBUG_INFO = INCLUDE_SOURCE;
				MTL_FAST_MATH = YES;
				ONLY_ACTIVE_ARCH = YES;
				SDKROOT = appletvos;
				SWIFT_ACTIVE_COMPILATION_CONDITIONS = DEBUG;
				SWIFT_OPTIMIZATION_LEVEL = "-Onone";
				TVOS_DEPLOYMENT_TARGET = 13.4;
			};
			name = Debug;
		};
		DD4ECBAB25341C1C00EC7D88 /* Release */ = {
			isa = XCBuildConfiguration;
			buildSettings = {
				ALWAYS_SEARCH_USER_PATHS = NO;
				CLANG_ANALYZER_NONNULL = YES;
				CLANG_ANALYZER_NUMBER_OBJECT_CONVERSION = YES_AGGRESSIVE;
				CLANG_CXX_LANGUAGE_STANDARD = "gnu++14";
				CLANG_CXX_LIBRARY = "libc++";
				CLANG_ENABLE_MODULES = YES;
				CLANG_ENABLE_OBJC_ARC = YES;
				CLANG_ENABLE_OBJC_WEAK = YES;
				CLANG_WARN_BLOCK_CAPTURE_AUTORELEASING = YES;
				CLANG_WARN_BOOL_CONVERSION = YES;
				CLANG_WARN_COMMA = YES;
				CLANG_WARN_CONSTANT_CONVERSION = YES;
				CLANG_WARN_DEPRECATED_OBJC_IMPLEMENTATIONS = YES;
				CLANG_WARN_DIRECT_OBJC_ISA_USAGE = YES_ERROR;
				CLANG_WARN_DOCUMENTATION_COMMENTS = YES;
				CLANG_WARN_EMPTY_BODY = YES;
				CLANG_WARN_ENUM_CONVERSION = YES;
				CLANG_WARN_INFINITE_RECURSION = YES;
				CLANG_WARN_INT_CONVERSION = YES;
				CLANG_WARN_NON_LITERAL_NULL_CONVERSION = YES;
				CLANG_WARN_OBJC_IMPLICIT_RETAIN_SELF = YES;
				CLANG_WARN_OBJC_LITERAL_CONVERSION = YES;
				CLANG_WARN_OBJC_ROOT_CLASS = YES_ERROR;
				CLANG_WARN_RANGE_LOOP_ANALYSIS = YES;
				CLANG_WARN_STRICT_PROTOTYPES = YES;
				CLANG_WARN_SUSPICIOUS_MOVE = YES;
				CLANG_WARN_UNGUARDED_AVAILABILITY = YES_AGGRESSIVE;
				CLANG_WARN_UNREACHABLE_CODE = YES;
				CLANG_WARN__DUPLICATE_METHOD_MATCH = YES;
				COPY_PHASE_STRIP = NO;
				DEBUG_INFORMATION_FORMAT = "dwarf-with-dsym";
				ENABLE_NS_ASSERTIONS = NO;
				ENABLE_STRICT_OBJC_MSGSEND = YES;
				GCC_C_LANGUAGE_STANDARD = gnu11;
				GCC_NO_COMMON_BLOCKS = YES;
				GCC_WARN_64_TO_32_BIT_CONVERSION = YES;
				GCC_WARN_ABOUT_RETURN_TYPE = YES_ERROR;
				GCC_WARN_UNDECLARED_SELECTOR = YES;
				GCC_WARN_UNINITIALIZED_AUTOS = YES_AGGRESSIVE;
				GCC_WARN_UNUSED_FUNCTION = YES;
				GCC_WARN_UNUSED_VARIABLE = YES;
				MTL_ENABLE_DEBUG_INFO = NO;
				MTL_FAST_MATH = YES;
				SDKROOT = appletvos;
				SWIFT_COMPILATION_MODE = wholemodule;
				SWIFT_OPTIMIZATION_LEVEL = "-O";
				TVOS_DEPLOYMENT_TARGET = 13.4;
				VALIDATE_PRODUCT = YES;
			};
			name = Release;
		};
		DD4ECBAD25341C1C00EC7D88 /* Debug */ = {
			isa = XCBuildConfiguration;
			buildSettings = {
				ASSETCATALOG_COMPILER_APPICON_NAME = "App Icon & Top Shelf Image";
				CODE_SIGN_STYLE = Automatic;
				INFOPLIST_FILE = "Swift-tvOSProject/Info.plist";
				LD_RUNPATH_SEARCH_PATHS = (
					"$(inherited)",
					"@executable_path/Frameworks",
				);
				PRODUCT_BUNDLE_IDENTIFIER = "Z5X.Swift-tvOSProject";
				PRODUCT_NAME = "$(TARGET_NAME)";
				SWIFT_VERSION = 5.0;
				TARGETED_DEVICE_FAMILY = 3;
			};
			name = Debug;
		};
		DD4ECBAE25341C1C00EC7D88 /* Release */ = {
			isa = XCBuildConfiguration;
			buildSettings = {
				ASSETCATALOG_COMPILER_APPICON_NAME = "App Icon & Top Shelf Image";
				CODE_SIGN_STYLE = Automatic;
				INFOPLIST_FILE = "Swift-tvOSProject/Info.plist";
				LD_RUNPATH_SEARCH_PATHS = (
					"$(inherited)",
					"@executable_path/Frameworks",
				);
				PRODUCT_BUNDLE_IDENTIFIER = "Z5X.Swift-tvOSProject";
				PRODUCT_NAME = "$(TARGET_NAME)";
				SWIFT_VERSION = 5.0;
				TARGETED_DEVICE_FAMILY = 3;
			};
			name = Release;
		};
/* End XCBuildConfiguration section */

/* Begin XCConfigurationList section */
		DD4ECB9525341C1B00EC7D88 /* Build configuration list for PBXProject "Swift-tvOSProject" */ = {
			isa = XCConfigurationList;
			buildConfigurations = (
				DD4ECBAA25341C1C00EC7D88 /* Debug */,
				DD4ECBAB25341C1C00EC7D88 /* Release */,
			);
			defaultConfigurationIsVisible = 0;
			defaultConfigurationName = Release;
		};
		DD4ECBAC25341C1C00EC7D88 /* Build configuration list for PBXNativeTarget "Swift-tvOSProject" */ = {
			isa = XCConfigurationList;
			buildConfigurations = (
				DD4ECBAD25341C1C00EC7D88 /* Debug */,
				DD4ECBAE25341C1C00EC7D88 /* Release */,
			);
			defaultConfigurationIsVisible = 0;
			defaultConfigurationName = Release;
		};
/* End XCConfigurationList section */
	};
	rootObject = DD4ECB9225341C1B00EC7D88 /* Project object */;
}
